# THIS IS AN AUTOGENERATED FILE. DO NOT EDIT THIS FILE DIRECTLY.
# yarn lockfile v1


"@babel/runtime@^7.13.10":
  version "7.23.8"
  resolved "https://registry.yarnpkg.com/@babel/runtime/-/runtime-7.23.8.tgz#8ee6fe1ac47add7122902f257b8ddf55c898f650"
  integrity sha512-Y7KbAP984rn1VGMbGqKmBLio9V7y5Je9GvU4rQPCPinCyNfUcToxIXl06d59URp/F3LwinvODxab5N/G6qggkw==
  dependencies:
    regenerator-runtime "^0.14.0"

"@irisnet/irishub-sdk@^2.0.1":
  version "2.0.1"
  resolved "https://registry.yarnpkg.com/@irisnet/irishub-sdk/-/irishub-sdk-2.0.1.tgz#ec7f790f10bf5c624befc0860a5165ac000d2774"
  integrity sha512-HXssHY6FGxUPVggQg2pGwGGxRS+/4nzGdKJkgcBtHazIvDnkInuFH+5Zkl6LLv+lqpmbEgPuzyWw8zI6wM6liQ==
  dependencies:
    "@babel/runtime" "^7.13.10"
    "@types/mathjs" "6.0.11"
    "@types/ws" "^7.4.5"
    axios "^0.21.1"
    bcryptjs "^2.4.3"
    bech32 "^1.1.3"
    bip32 "^2.0.4"
    bip39 "^3.0.2"
    crypto-browserify "^3.12.0"
    crypto-js "^4.0.0"
    events "^3.1.0"
    google-protobuf "3.13.0"
    grpc-web "^1.2.1"
    is_js "^0.9.0"
    isomorphic-ws "^4.0.1"
    mathjs "7.5.1"
    ndjson "^2.0.0"
    pumpify "^2.0.1"
    secp256k1 "^3.8.0"
    secure-random "^1.1.2"
    sha256 "^0.2.0"
    sm-crypto "git+http://github.com/bianjieai/sm-crypto-js.git#main"
    tweetnacl "^1.0.3"
    uuid "^8.3.2"

"@noble/hashes@^1.2.0":
  version "1.3.3"
  resolved "https://registry.yarnpkg.com/@noble/hashes/-/hashes-1.3.3.tgz#39908da56a4adc270147bb07968bf3b16cfe1699"
  integrity sha512-V7/fPHgl+jsVPXqqeOzT8egNj2iBIVt+ECeMMG8TdcnTikP3oaBtUVqpT/gYCR68aEBJSF+XbYUxStjbFMqIIA==

"@types/mathjs@6.0.11":
  version "6.0.11"
  resolved "https://registry.yarnpkg.com/@types/mathjs/-/mathjs-6.0.11.tgz#bf24c1ed875252274008d2c373bad07e0348adfb"
  integrity sha512-q9B8ZreO41L38iTY76bCZEtAqzeRs4mNIOZpZ1sLSlcYgvgfFrnf8y8qfmas0tVWrsODjmQbQJFD6RJJJCqJbQ==
  dependencies:
    decimal.js "^10.0.0"

"@types/node@*":
  version "20.10.7"
  resolved "https://registry.yarnpkg.com/@types/node/-/node-20.10.7.tgz#40fe8faf25418a75de9fe68a8775546732a3a901"
  integrity sha512-fRbIKb8C/Y2lXxB5eVMj4IU7xpdox0Lh8bUPEdtLysaylsml1hOOx1+STloRs/B9nf7C6kPRmmg/V7aQW7usNg==
  dependencies:
    undici-types "~5.26.4"

"@types/node@10.12.18":
  version "10.12.18"
  resolved "https://registry.yarnpkg.com/@types/node/-/node-10.12.18.tgz#1d3ca764718915584fcd9f6344621b7672665c67"
  integrity sha512-fh+pAqt4xRzPfqA6eh3Z2y6fyZavRIumvjhaCL753+TVkGKGhpPeyrJG2JftD0T9q4GF00KjefsQ+PQNDdWQaQ==

"@types/ws@^7.4.5":
  version "7.4.7"
  resolved "https://registry.yarnpkg.com/@types/ws/-/ws-7.4.7.tgz#f7c390a36f7a0679aa69de2d501319f4f8d9b702"
  integrity sha512-JQbbmxZTZehdc2iszGKs5oC3NFnjeay7mtAWrdt7qNtAVK0g19muApzAy4bm9byz79xa2ZnO/BOBC2R8RC5Lww==
  dependencies:
    "@types/node" "*"

asn1.js@^5.2.0:
  version "5.4.1"
  resolved "https://registry.yarnpkg.com/asn1.js/-/asn1.js-5.4.1.tgz#11a980b84ebb91781ce35b0fdc2ee294e3783f07"
  integrity sha512-+I//4cYPccV8LdmBLiX8CYvf9Sp3vQsrqu2QNXRcrbiWvcx/UdlFiqUJJzxRQxgsZmvhXhn4cSKeSmoFjVdupA==
  dependencies:
    bn.js "^4.0.0"
    inherits "^2.0.1"
    minimalistic-assert "^1.0.0"
    safer-buffer "^2.1.0"

axios@^0.21.1:
  version "0.21.4"
  resolved "https://registry.yarnpkg.com/axios/-/axios-0.21.4.tgz#c67b90dc0568e5c1cf2b0b858c43ba28e2eda575"
  integrity sha512-ut5vewkiu8jjGBdqpM44XxjuCjq9LAKeHVmoVfHVzy8eHgxxq8SbAVQNovDA8mVi05kP0Ea/n/UzcSHcTJQfNg==
  dependencies:
    follow-redirects "^1.14.0"

base-x@^3.0.2:
  version "3.0.9"
  resolved "https://registry.yarnpkg.com/base-x/-/base-x-3.0.9.tgz#6349aaabb58526332de9f60995e548a53fe21320"
  integrity sha512-H7JU6iBHTal1gp56aKoaa//YUxEaAOUiydvrV/pILqIHXTtqxSkATOnDA2u+jZ/61sD+L/412+7kzXRtWukhpQ==
  dependencies:
    safe-buffer "^5.0.1"

bcryptjs@^2.4.3:
  version "2.4.3"
  resolved "https://registry.yarnpkg.com/bcryptjs/-/bcryptjs-2.4.3.tgz#9ab5627b93e60621ff7cdac5da9733027df1d0cb"
  integrity sha512-V/Hy/X9Vt7f3BbPJEi8BdVFMByHi+jNXrYkW3huaybV/kQ0KJg0Y6PkEMbn+zeT+i+SiKZ/HMqJGIIt4LZDqNQ==

bech32@^1.1.3:
  version "1.1.4"
  resolved "https://registry.yarnpkg.com/bech32/-/bech32-1.1.4.tgz#e38c9f37bf179b8eb16ae3a772b40c356d4832e9"
  integrity sha512-s0IrSOzLlbvX7yp4WBfPITzpAU8sqQcpsmwXDiKwrG4r491vwCO/XpejasRNl0piBMe/DvP4Tz0mIS/X1DPJBQ==

bindings@^1.3.0, bindings@^1.5.0:
  version "1.5.0"
  resolved "https://registry.yarnpkg.com/bindings/-/bindings-1.5.0.tgz#10353c9e945334bc0511a6d90b38fbc7c9c504df"
  integrity sha512-p2q/t/mhvuOj/UeLlV6566GD/guowlr0hHxClI0W9m7MWYkL1F0hLo+0Aexs9HSPCtR1SXQ0TD3MMKrXZajbiQ==
  dependencies:
    file-uri-to-path "1.0.0"

bip32@^2.0.4:
  version "2.0.6"
  resolved "https://registry.yarnpkg.com/bip32/-/bip32-2.0.6.tgz#6a81d9f98c4cd57d05150c60d8f9e75121635134"
  integrity sha512-HpV5OMLLGTjSVblmrtYRfFFKuQB+GArM0+XP8HGWfJ5vxYBqo+DesvJwOdC2WJ3bCkZShGf0QIfoIpeomVzVdA==
  dependencies:
    "@types/node" "10.12.18"
    bs58check "^2.1.1"
    create-hash "^1.2.0"
    create-hmac "^1.1.7"
    tiny-secp256k1 "^1.1.3"
    typeforce "^1.11.5"
    wif "^2.0.6"

bip39@^3.0.2:
  version "3.1.0"
  resolved "https://registry.yarnpkg.com/bip39/-/bip39-3.1.0.tgz#c55a418deaf48826a6ceb34ac55b3ee1577e18a3"
  integrity sha512-c9kiwdk45Do5GL0vJMe7tS95VjCii65mYAH7DfWl3uW8AVzXKQVUm64i3hzVybBDMp9r7j9iNxR85+ul8MdN/A==
  dependencies:
    "@noble/hashes" "^1.2.0"

bip66@^1.1.5:
  version "1.1.5"
  resolved "https://registry.yarnpkg.com/bip66/-/bip66-1.1.5.tgz#01fa8748785ca70955d5011217d1b3139969ca22"
  integrity sha512-nemMHz95EmS38a26XbbdxIYj5csHd3RMP3H5bwQknX0WYHF01qhpufP42mLOwVICuH2JmhIhXiWs89MfUGL7Xw==
  dependencies:
    safe-buffer "^5.0.1"

bn.js@^4.0.0, bn.js@^4.1.0, bn.js@^4.11.6, bn.js@^4.11.8, bn.js@^4.11.9:
  version "4.12.0"
  resolved "https://registry.yarnpkg.com/bn.js/-/bn.js-4.12.0.tgz#775b3f278efbb9718eec7361f483fb36fbbfea88"
  integrity sha512-c98Bf3tPniI+scsdk237ku1Dc3ujXQTSgyiPUDEOe7tRkhrqridvh8klBv0HCEso1OLOYcHuCv/cS6DNxKH+ZA==

bn.js@^5.0.0, bn.js@^5.2.1:
  version "5.2.1"
  resolved "https://registry.yarnpkg.com/bn.js/-/bn.js-5.2.1.tgz#0bc527a6a0d18d0aa8d5b0538ce4a77dccfa7b70"
  integrity sha512-eXRvHzWyYPBuB4NBy0cmYQjGitUrtqwbvlzP3G6VFnNRbsZQIxQ10PbKKHt8gZ/HW/D/747aDl+QkDqg3KQLMQ==

brorand@^1.0.1, brorand@^1.1.0:
  version "1.1.0"
  resolved "https://registry.yarnpkg.com/brorand/-/brorand-1.1.0.tgz#12c25efe40a45e3c323eb8675a0a0ce57b22371f"
  integrity sha512-cKV8tMCEpQs4hK/ik71d6LrPOnpkpGBR0wzxqr68g2m/LB2GxVYQroAjMJZRVM1Y4BCjCKc3vAamxSzOY2RP+w==

browserify-aes@^1.0.0, browserify-aes@^1.0.4, browserify-aes@^1.0.6:
  version "1.2.0"
  resolved "https://registry.yarnpkg.com/browserify-aes/-/browserify-aes-1.2.0.tgz#326734642f403dabc3003209853bb70ad428ef48"
  integrity sha512-+7CHXqGuspUn/Sl5aO7Ea0xWGAtETPXNSAjHo48JfLdPWcMng33Xe4znFvQweqc/uzk5zSOI3H52CYnjCfb5hA==
  dependencies:
    buffer-xor "^1.0.3"
    cipher-base "^1.0.0"
    create-hash "^1.1.0"
    evp_bytestokey "^1.0.3"
    inherits "^2.0.1"
    safe-buffer "^5.0.1"

browserify-cipher@^1.0.0:
  version "1.0.1"
  resolved "https://registry.yarnpkg.com/browserify-cipher/-/browserify-cipher-1.0.1.tgz#8d6474c1b870bfdabcd3bcfcc1934a10e94f15f0"
  integrity sha512-sPhkz0ARKbf4rRQt2hTpAHqn47X3llLkUGn+xEJzLjwY8LRs2p0v7ljvI5EyoRO/mexrNunNECisZs+gw2zz1w==
  dependencies:
    browserify-aes "^1.0.4"
    browserify-des "^1.0.0"
    evp_bytestokey "^1.0.0"

browserify-des@^1.0.0:
  version "1.0.2"
  resolved "https://registry.yarnpkg.com/browserify-des/-/browserify-des-1.0.2.tgz#3af4f1f59839403572f1c66204375f7a7f703e9c"
  integrity sha512-BioO1xf3hFwz4kc6iBhI3ieDFompMhrMlnDFC4/0/vd5MokpuAc3R+LYbwTA9A5Yc9pq9UYPqffKpW2ObuwX5A==
  dependencies:
    cipher-base "^1.0.1"
    des.js "^1.0.0"
    inherits "^2.0.1"
    safe-buffer "^5.1.2"

browserify-rsa@^4.0.0, browserify-rsa@^4.1.0:
  version "4.1.0"
  resolved "https://registry.yarnpkg.com/browserify-rsa/-/browserify-rsa-4.1.0.tgz#b2fd06b5b75ae297f7ce2dc651f918f5be158c8d"
  integrity sha512-AdEER0Hkspgno2aR97SAf6vi0y0k8NuOpGnVH3O99rcA5Q6sh8QxcngtHuJ6uXwnfAXNM4Gn1Gb7/MV1+Ymbog==
  dependencies:
    bn.js "^5.0.0"
    randombytes "^2.0.1"

browserify-sign@^4.0.0:
  version "4.2.2"
  resolved "https://registry.yarnpkg.com/browserify-sign/-/browserify-sign-4.2.2.tgz#e78d4b69816d6e3dd1c747e64e9947f9ad79bc7e"
  integrity sha512-1rudGyeYY42Dk6texmv7c4VcQ0EsvVbLwZkA+AQB7SxvXxmcD93jcHie8bzecJ+ChDlmAm2Qyu0+Ccg5uhZXCg==
  dependencies:
    bn.js "^5.2.1"
    browserify-rsa "^4.1.0"
    create-hash "^1.2.0"
    create-hmac "^1.1.7"
    elliptic "^6.5.4"
    inherits "^2.0.4"
    parse-asn1 "^5.1.6"
    readable-stream "^3.6.2"
    safe-buffer "^5.2.1"

bs58@^4.0.0:
  version "4.0.1"
  resolved "https://registry.yarnpkg.com/bs58/-/bs58-4.0.1.tgz#be161e76c354f6f788ae4071f63f34e8c4f0a42a"
  integrity sha512-Ok3Wdf5vOIlBrgCvTq96gBkJw+JUEzdBgyaza5HLtPm7yTHkjRy8+JzNyHF7BHa0bNWOQIp3m5YF0nnFcOIKLw==
  dependencies:
    base-x "^3.0.2"

bs58check@<3.0.0, bs58check@^2.1.1:
  version "2.1.2"
  resolved "https://registry.yarnpkg.com/bs58check/-/bs58check-2.1.2.tgz#53b018291228d82a5aa08e7d796fdafda54aebfc"
  integrity sha512-0TS1jicxdU09dwJMNZtVAfzPi6Q6QeN0pM1Fkzrjn+XYHvzMKPU3pHVpva+769iNVSfIYWf7LJ6WR+BuuMf8cA==
  dependencies:
    bs58 "^4.0.0"
    create-hash "^1.1.0"
    safe-buffer "^5.1.2"

buffer-xor@^1.0.3:
  version "1.0.3"
  resolved "https://registry.yarnpkg.com/buffer-xor/-/buffer-xor-1.0.3.tgz#26e61ed1422fb70dd42e6e36729ed51d855fe8d9"
  integrity sha512-571s0T7nZWK6vB67HI5dyUF7wXiNcfaPPPTl6zYCNApANjIvYJTg7hlud/+cJpdAhS7dVzqMLmfhfHR3rAcOjQ==

cipher-base@^1.0.0, cipher-base@^1.0.1, cipher-base@^1.0.3:
  version "1.0.4"
  resolved "https://registry.yarnpkg.com/cipher-base/-/cipher-base-1.0.4.tgz#8760e4ecc272f4c363532f926d874aae2c1397de"
  integrity sha512-Kkht5ye6ZGmwv40uUDZztayT2ThLQGfnj/T71N/XzeZeo3nf8foyW7zGTsPYkEya3m5f3cAypH+qe7YOrM1U2Q==
  dependencies:
    inherits "^2.0.1"
    safe-buffer "^5.0.1"

complex.js@^2.0.11:
  version "2.1.1"
  resolved "https://registry.yarnpkg.com/complex.js/-/complex.js-2.1.1.tgz#0675dac8e464ec431fb2ab7d30f41d889fb25c31"
  integrity sha512-8njCHOTtFFLtegk6zQo0kkVX1rngygb/KQI6z1qZxlFI3scluC+LVTCFbrkWjBv4vvLlbQ9t88IPMC6k95VTTg==

convert-hex@~0.1.0:
  version "0.1.0"
  resolved "https://registry.yarnpkg.com/convert-hex/-/convert-hex-0.1.0.tgz#08c04568922c27776b8a2e81a95d393362ea0b65"
  integrity sha512-w20BOb1PiR/sEJdS6wNrUjF5CSfscZFUp7R9NSlXH8h2wynzXVEPFPJECAnkNylZ+cvf3p7TyRUHggDmrwXT9A==

convert-string@~0.1.0:
  version "0.1.0"
  resolved "https://registry.yarnpkg.com/convert-string/-/convert-string-0.1.0.tgz#79ce41a9bb0d03bcf72cdc6a8f3c56fbbc64410a"
  integrity sha512-1KX9ESmtl8xpT2LN2tFnKSbV4NiarbVi8DVb39ZriijvtTklyrT+4dT1wsGMHKD3CJUjXgvJzstm9qL9ICojGA==

create-ecdh@^4.0.0:
  version "4.0.4"
  resolved "https://registry.yarnpkg.com/create-ecdh/-/create-ecdh-4.0.4.tgz#d6e7f4bffa66736085a0762fd3a632684dabcc4e"
  integrity sha512-mf+TCx8wWc9VpuxfP2ht0iSISLZnt0JgWlrOKZiNqyUZWnjIaCIVNQArMHnCZKfEYRg6IM7A+NeJoN8gf/Ws0A==
  dependencies:
    bn.js "^4.1.0"
    elliptic "^6.5.3"

create-hash@^1.1.0, create-hash@^1.1.2, create-hash@^1.2.0:
  version "1.2.0"
  resolved "https://registry.yarnpkg.com/create-hash/-/create-hash-1.2.0.tgz#889078af11a63756bcfb59bd221996be3a9ef196"
  integrity sha512-z00bCGNHDG8mHAkP7CtT1qVu+bFQUPjYq/4Iv3C3kWjTFV10zIjfSoeqXo9Asws8gwSHDGj/hl2u4OGIjapeCg==
  dependencies:
    cipher-base "^1.0.1"
    inherits "^2.0.1"
    md5.js "^1.3.4"
    ripemd160 "^2.0.1"
    sha.js "^2.4.0"

create-hmac@^1.1.0, create-hmac@^1.1.4, create-hmac@^1.1.7:
  version "1.1.7"
  resolved "https://registry.yarnpkg.com/create-hmac/-/create-hmac-1.1.7.tgz#69170c78b3ab957147b2b8b04572e47ead2243ff"
  integrity sha512-MJG9liiZ+ogc4TzUwuvbER1JRdgvUFSB5+VR/g5h82fGaIRWMWddtKBHi7/sVhfjQZ6SehlyhvQYrcYkaUIpLg==
  dependencies:
    cipher-base "^1.0.3"
    create-hash "^1.1.0"
    inherits "^2.0.1"
    ripemd160 "^2.0.0"
    safe-buffer "^5.0.1"
    sha.js "^2.4.8"

crypto-browserify@^3.12.0:
  version "3.12.0"
  resolved "https://registry.yarnpkg.com/crypto-browserify/-/crypto-browserify-3.12.0.tgz#396cf9f3137f03e4b8e532c58f698254e00f80ec"
  integrity sha512-fz4spIh+znjO2VjL+IdhEpRJ3YN6sMzITSBijk6FK2UvTqruSQW+/cCZTSNsMiZNvUeq0CqurF+dAbyiGOY6Wg==
  dependencies:
    browserify-cipher "^1.0.0"
    browserify-sign "^4.0.0"
    create-ecdh "^4.0.0"
    create-hash "^1.1.0"
    create-hmac "^1.1.0"
    diffie-hellman "^5.0.0"
    inherits "^2.0.1"
    pbkdf2 "^3.0.3"
    public-encrypt "^4.0.0"
    randombytes "^2.0.0"
    randomfill "^1.0.3"

crypto-js@^4.0.0:
  version "4.2.0"
  resolved "https://registry.yarnpkg.com/crypto-js/-/crypto-js-4.2.0.tgz#4d931639ecdfd12ff80e8186dba6af2c2e856631"
  integrity sha512-KALDyEYgpY+Rlob/iriUtjV6d5Eq+Y191A5g4UqLAi8CyGP9N1+FdVbkc1SxKc2r4YAYqG8JzO2KGL+AizD70Q==

decimal.js@^10.0.0, decimal.js@^10.2.1:
  version "10.4.3"
  resolved "https://registry.yarnpkg.com/decimal.js/-/decimal.js-10.4.3.tgz#1044092884d245d1b7f65725fa4ad4c6f781cc23"
  integrity sha512-VBBaLc1MgL5XpzgIP7ny5Z6Nx3UrRkIViUkPUdtl9aya5amy3De1gsUUSB1g3+3sExYNjCAsAznmukyxCb1GRA==

des.js@^1.0.0:
  version "1.1.0"
  resolved "https://registry.yarnpkg.com/des.js/-/des.js-1.1.0.tgz#1d37f5766f3bbff4ee9638e871a8768c173b81da"
  integrity sha512-r17GxjhUCjSRy8aiJpr8/UadFIzMzJGexI3Nmz4ADi9LYSFx4gTBp80+NaX/YsXWWLhpZ7v/v/ubEc/bCNfKwg==
  dependencies:
    inherits "^2.0.1"
    minimalistic-assert "^1.0.0"

diffie-hellman@^5.0.0:
  version "5.0.3"
  resolved "https://registry.yarnpkg.com/diffie-hellman/-/diffie-hellman-5.0.3.tgz#40e8ee98f55a2149607146921c63e1ae5f3d2875"
  integrity sha512-kqag/Nl+f3GwyK25fhUMYj81BUOrZ9IuJsjIcDE5icNM9FJHAVm3VcUDxdLPoQtTuUylWm6ZIknYJwwaPxsUzg==
  dependencies:
    bn.js "^4.1.0"
    miller-rabin "^4.0.0"
    randombytes "^2.0.0"

drbg.js@^1.0.1:
  version "1.0.1"
  resolved "https://registry.yarnpkg.com/drbg.js/-/drbg.js-1.0.1.tgz#3e36b6c42b37043823cdbc332d58f31e2445480b"
  integrity sha512-F4wZ06PvqxYLFEZKkFxTDcns9oFNk34hvmJSEwdzsxVQ8YI5YaxtACgQatkYgv2VI2CFkUd2Y+xosPQnHv809g==
  dependencies:
    browserify-aes "^1.0.6"
    create-hash "^1.1.2"
    create-hmac "^1.1.4"

duplexify@^4.1.1:
  version "4.1.2"
  resolved "https://registry.yarnpkg.com/duplexify/-/duplexify-4.1.2.tgz#18b4f8d28289132fa0b9573c898d9f903f81c7b0"
  integrity sha512-fz3OjcNCHmRP12MJoZMPglx8m4rrFP8rovnk4vT8Fs+aonZoCwGg10dSsQsfP/E62eZcPTMSMP6686fu9Qlqtw==
  dependencies:
    end-of-stream "^1.4.1"
    inherits "^2.0.3"
    readable-stream "^3.1.1"
    stream-shift "^1.0.0"

elliptic@^6.4.0, elliptic@^6.5.2, elliptic@^6.5.3, elliptic@^6.5.4:
  version "6.5.4"
  resolved "https://registry.yarnpkg.com/elliptic/-/elliptic-6.5.4.tgz#da37cebd31e79a1367e941b592ed1fbebd58abbb"
  integrity sha512-iLhC6ULemrljPZb+QutR5TQGB+pdW6KGD5RSegS+8sorOZT+rdQFbsQFJgvN3eRqNALqJer4oQ16YvJHlU8hzQ==
  dependencies:
    bn.js "^4.11.9"
    brorand "^1.1.0"
    hash.js "^1.0.0"
    hmac-drbg "^1.0.1"
    inherits "^2.0.4"
    minimalistic-assert "^1.0.1"
    minimalistic-crypto-utils "^1.0.1"

end-of-stream@^1.1.0, end-of-stream@^1.4.1:
  version "1.4.4"
  resolved "https://registry.yarnpkg.com/end-of-stream/-/end-of-stream-1.4.4.tgz#5ae64a5f45057baf3626ec14da0ca5e4b2431eb0"
  integrity sha512-+uw1inIHVPQoaVuHzRyXd21icM+cnt4CzD5rW+NC1wjOUSTOs+Te7FOv7AhN7vS9x/oIyhLP5PR1H+phQAHu5Q==
  dependencies:
    once "^1.4.0"

escape-latex@^1.2.0:
  version "1.2.0"
  resolved "https://registry.yarnpkg.com/escape-latex/-/escape-latex-1.2.0.tgz#07c03818cf7dac250cce517f4fda1b001ef2bca1"
  integrity sha512-nV5aVWW1K0wEiUIEdZ4erkGGH8mDxGyxSeqPzRNtWP7ataw+/olFObw7hujFWlVjNsaDFw5VZ5NzVSIqRgfTiw==

events@^3.1.0:
  version "3.3.0"
  resolved "https://registry.yarnpkg.com/events/-/events-3.3.0.tgz#31a95ad0a924e2d2c419a813aeb2c4e878ea7400"
  integrity sha512-mQw+2fkQbALzQ7V0MY0IqdnXNOeTtP4r0lN9z7AAawCXgqea7bDii20AYrIBrFd/Hx0M2Ocz6S111CaFkUcb0Q==

evp_bytestokey@^1.0.0, evp_bytestokey@^1.0.3:
  version "1.0.3"
  resolved "https://registry.yarnpkg.com/evp_bytestokey/-/evp_bytestokey-1.0.3.tgz#7fcbdb198dc71959432efe13842684e0525acb02"
  integrity sha512-/f2Go4TognH/KvCISP7OUsHn85hT9nUkxxA9BEWxFn+Oj9o8ZNLm/40hdlgSLyuOimsrTKLUMEorQexp/aPQeA==
  dependencies:
    md5.js "^1.3.4"
    safe-buffer "^5.1.1"

file-uri-to-path@1.0.0:
  version "1.0.0"
  resolved "https://registry.yarnpkg.com/file-uri-to-path/-/file-uri-to-path-1.0.0.tgz#553a7b8446ff6f684359c445f1e37a05dacc33dd"
  integrity sha512-0Zt+s3L7Vf1biwWZ29aARiVYLx7iMGnEUl9x33fbB/j3jR81u/O2LbqK+Bm1CDSNDKVtJ/YjwY7TUd5SkeLQLw==

follow-redirects@^1.14.0:
  version "1.15.4"
  resolved "https://registry.yarnpkg.com/follow-redirects/-/follow-redirects-1.15.4.tgz#cdc7d308bf6493126b17ea2191ea0ccf3e535adf"
  integrity sha512-Cr4D/5wlrb0z9dgERpUL3LrmPKVDsETIJhaCMeDfuFYcqa5bldGV6wBsAN6X/vxlXQtFBMrXdXxdL8CbDTGniw==

fraction.js@^4.0.12:
  version "4.3.7"
  resolved "https://registry.yarnpkg.com/fraction.js/-/fraction.js-4.3.7.tgz#06ca0085157e42fda7f9e726e79fefc4068840f7"
  integrity sha512-ZsDfxO51wGAXREY55a7la9LScWpwv9RxIrYABrlvOFBlH/ShPnrtsXeuUIfXKKOVicNxQ+o8JTbJvjS4M89yew==

google-protobuf@3.13.0:
  version "3.13.0"
  resolved "https://registry.yarnpkg.com/google-protobuf/-/google-protobuf-3.13.0.tgz#909c5983d75dd6101ed57c79e0528d000cdc3251"
  integrity sha512-ZIf3qfLFayVrPvAjeKKxO5FRF1/NwRxt6Dko+fWEMuHwHbZx8/fcaAao9b0wCM6kr8qeg2te8XTpyuvKuD9aKw==

grpc-web@^1.2.1:
  version "1.5.0"
  resolved "https://registry.yarnpkg.com/grpc-web/-/grpc-web-1.5.0.tgz#154e4007ab59a94bf7726b87ef6c5bd8815ecf6e"
  integrity sha512-y1tS3BBIoiVSzKTDF3Hm7E8hV2n7YY7pO0Uo7depfWJqKzWE+SKr0jvHNIJsJJYILQlpYShpi/DRJJMbosgDMQ==

hash-base@^3.0.0:
  version "3.1.0"
  resolved "https://registry.yarnpkg.com/hash-base/-/hash-base-3.1.0.tgz#55c381d9e06e1d2997a883b4a3fddfe7f0d3af33"
  integrity sha512-1nmYp/rhMDiE7AYkDw+lLwlAzz0AntGIe51F3RfFfEqyQ3feY2eI/NcwC6umIQVOASPMsWJLJScWKSSvzL9IVA==
  dependencies:
    inherits "^2.0.4"
    readable-stream "^3.6.0"
    safe-buffer "^5.2.0"

hash.js@^1.0.0, hash.js@^1.0.3:
  version "1.1.7"
  resolved "https://registry.yarnpkg.com/hash.js/-/hash.js-1.1.7.tgz#0babca538e8d4ee4a0f8988d68866537a003cf42"
  integrity sha512-taOaskGt4z4SOANNseOviYDvjEJinIkRgmp7LbKP2YTTmVxWBl87s/uzK9r+44BclBSp2X7K1hqeNfz9JbBeXA==
  dependencies:
    inherits "^2.0.3"
    minimalistic-assert "^1.0.1"

hmac-drbg@^1.0.1:
  version "1.0.1"
  resolved "https://registry.yarnpkg.com/hmac-drbg/-/hmac-drbg-1.0.1.tgz#d2745701025a6c775a6c545793ed502fc0c649a1"
  integrity sha512-Tti3gMqLdZfhOQY1Mzf/AanLiqh1WTiJgEj26ZuYQ9fbkLomzGchCws4FyrSd4VkpBfiNhaE1On+lOz894jvXg==
  dependencies:
    hash.js "^1.0.3"
    minimalistic-assert "^1.0.0"
    minimalistic-crypto-utils "^1.0.1"

inherits@^2.0.1, inherits@^2.0.3, inherits@^2.0.4:
  version "2.0.4"
  resolved "https://registry.yarnpkg.com/inherits/-/inherits-2.0.4.tgz#0fa2c64f932917c3433a0ded55363aae37416b7c"
  integrity sha512-k/vGaX4/Yla3WzyMCvTQOXYeIHvqOKtnqBduzTHpzpQZzAskKMhZ2K+EnBiSM9zGSoIFeMpXKxa4dYeZIQqewQ==

is_js@^0.9.0:
  version "0.9.0"
  resolved "https://registry.yarnpkg.com/is_js/-/is_js-0.9.0.tgz#0ab94540502ba7afa24c856aa985561669e9c52d"
  integrity sha512-8Y5EHSH+TonfUHX2g3pMJljdbGavg55q4jmHzghJCdqYDbdNROC8uw/YFQwIRCRqRJT1EY3pJefz+kglw+o7sg==

isomorphic-ws@^4.0.1:
  version "4.0.1"
  resolved "https://registry.yarnpkg.com/isomorphic-ws/-/isomorphic-ws-4.0.1.tgz#55fd4cd6c5e6491e76dc125938dd863f5cd4f2dc"
  integrity sha512-BhBvN2MBpWTaSHdWRb/bwdZJ1WaehQ2L1KngkCkfLUGF0mAWAT1sQUQacEmQ0jXkFw/czDXPNQSL5u2/Krsz1w==

javascript-natural-sort@^0.7.1:
  version "0.7.1"
  resolved "https://registry.yarnpkg.com/javascript-natural-sort/-/javascript-natural-sort-0.7.1.tgz#f9e2303d4507f6d74355a73664d1440fb5a0ef59"
  integrity sha512-nO6jcEfZWQXDhOiBtG2KvKyEptz7RVbpGP4vTD2hLBdmNQSsCiicO2Ioinv6UI4y9ukqnBpy+XZ9H6uLNgJTlw==

jsbn@^1.1.0:
  version "1.1.0"
  resolved "https://registry.yarnpkg.com/jsbn/-/jsbn-1.1.0.tgz#b01307cb29b618a1ed26ec79e911f803c4da0040"
  integrity sha512-4bYVV3aAMtDTTu4+xsDYa6sy9GyJ69/amsu9sYF2zqjiEoZA5xJi3BrfX3uY+/IekIu7MwdObdbDWpoZdBv3/A==

json-stringify-safe@^5.0.1:
  version "5.0.1"
  resolved "https://registry.yarnpkg.com/json-stringify-safe/-/json-stringify-safe-5.0.1.tgz#1296a2d58fd45f19a0f6ce01d65701e2c735b6eb"
  integrity sha512-ZClg6AaYvamvYEE82d3Iyd3vSSIjQ+odgjaTzRuO3s7toCdFKczob2i0zCh7JE8kWn17yvAWhUVxvqGwUalsRA==

mathjs@7.5.1:
  version "7.5.1"
  resolved "https://registry.yarnpkg.com/mathjs/-/mathjs-7.5.1.tgz#eb125295310a99ddcaf6145c47b09aab36e48274"
  integrity sha512-H2q/Dq0qxBLMw+G84SSXmGqo/znihuxviGgAQwAcyeFLwK2HksvSGNx4f3dllZF51bWOnu2op60VZxH2Sb51Pw==
  dependencies:
    complex.js "^2.0.11"
    decimal.js "^10.2.1"
    escape-latex "^1.2.0"
    fraction.js "^4.0.12"
    javascript-natural-sort "^0.7.1"
    seed-random "^2.2.0"
    tiny-emitter "^2.1.0"
    typed-function "^2.0.0"

md5.js@^1.3.4:
  version "1.3.5"
  resolved "https://registry.yarnpkg.com/md5.js/-/md5.js-1.3.5.tgz#b5d07b8e3216e3e27cd728d72f70d1e6a342005f"
  integrity sha512-xitP+WxNPcTTOgnTJcrhM0xvdPepipPSf3I8EIpGKeFLjt3PlJLIDG3u8EX53ZIubkb+5U2+3rELYpEhHhzdkg==
  dependencies:
    hash-base "^3.0.0"
    inherits "^2.0.1"
    safe-buffer "^5.1.2"

miller-rabin@^4.0.0:
  version "4.0.1"
  resolved "https://registry.yarnpkg.com/miller-rabin/-/miller-rabin-4.0.1.tgz#f080351c865b0dc562a8462966daa53543c78a4d"
  integrity sha512-115fLhvZVqWwHPbClyntxEVfVDfl9DLLTuJvq3g2O/Oxi8AiNouAHvDSzHS0viUJc+V5vm3eq91Xwqn9dp4jRA==
  dependencies:
    bn.js "^4.0.0"
    brorand "^1.0.1"

minimalistic-assert@^1.0.0, minimalistic-assert@^1.0.1:
  version "1.0.1"
  resolved "https://registry.yarnpkg.com/minimalistic-assert/-/minimalistic-assert-1.0.1.tgz#2e194de044626d4a10e7f7fbc00ce73e83e4d5c7"
  integrity sha512-UtJcAD4yEaGtjPezWuO9wC4nwUnVH/8/Im3yEHQP4b67cXlD/Qr9hdITCU1xDbSEXg2XKNaP8jsReV7vQd00/A==

minimalistic-crypto-utils@^1.0.1:
  version "1.0.1"
  resolved "https://registry.yarnpkg.com/minimalistic-crypto-utils/-/minimalistic-crypto-utils-1.0.1.tgz#f6c00c1c0b082246e5c4d99dfb8c7c083b2b582a"
  integrity sha512-JIYlbt6g8i5jKfJ3xz7rF0LXmv2TkDxBLUkiBeZ7bAx4GnnNMr8xFpGnOxn6GhTEHx3SjRrZEoU+j04prX1ktg==

minimist@^1.2.5:
  version "1.2.8"
  resolved "https://registry.yarnpkg.com/minimist/-/minimist-1.2.8.tgz#c1a464e7693302e082a075cee0c057741ac4772c"
  integrity sha512-2yyAR8qBkN3YuheJanUpWC5U3bb5osDywNB8RzDVlDwDHbocAJveqqj1u8+SVD7jkWT4yvsHCpWqqWqAxb0zCA==

nan@^2.13.2, nan@^2.14.0:
  version "2.18.0"
  resolved "https://registry.yarnpkg.com/nan/-/nan-2.18.0.tgz#26a6faae7ffbeb293a39660e88a76b82e30b7554"
  integrity sha512-W7tfG7vMOGtD30sHoZSSc/JVYiyDPEyQVso/Zz+/uQd0B0L46gtC+pHha5FFMRpil6fm/AoEcRWyOVi4+E/f8w==

ndjson@^2.0.0:
  version "2.0.0"
  resolved "https://registry.yarnpkg.com/ndjson/-/ndjson-2.0.0.tgz#320ac86f6fe53f5681897349b86ac6f43bfa3a19"
  integrity sha512-nGl7LRGrzugTtaFcJMhLbpzJM6XdivmbkdlaGcrk/LXg2KL/YBC6z1g70xh0/al+oFuVFP8N8kiWRucmeEH/qQ==
  dependencies:
    json-stringify-safe "^5.0.1"
    minimist "^1.2.5"
    readable-stream "^3.6.0"
    split2 "^3.0.0"
    through2 "^4.0.0"

once@^1.3.1, once@^1.4.0:
  version "1.4.0"
  resolved "https://registry.yarnpkg.com/once/-/once-1.4.0.tgz#583b1aa775961d4b113ac17d9c50baef9dd76bd1"
  integrity sha512-lNaJgI+2Q5URQBkccEKHTQOPaXdUxnZZElQTZY0MFUAuaEqe1E+Nyvgdz/aIyNi6Z9MzO5dv1H8n58/GELp3+w==
  dependencies:
    wrappy "1"

parse-asn1@^5.0.0, parse-asn1@^5.1.6:
  version "5.1.6"
  resolved "https://registry.yarnpkg.com/parse-asn1/-/parse-asn1-5.1.6.tgz#385080a3ec13cb62a62d39409cb3e88844cdaed4"
  integrity sha512-RnZRo1EPU6JBnra2vGHj0yhp6ebyjBZpmUCLHWiFhxlzvBCCpAuZ7elsBp1PVAbQN0/04VD/19rfzlBSwLstMw==
  dependencies:
    asn1.js "^5.2.0"
    browserify-aes "^1.0.0"
    evp_bytestokey "^1.0.0"
    pbkdf2 "^3.0.3"
    safe-buffer "^5.1.1"

pbkdf2@^3.0.3:
  version "3.1.2"
  resolved "https://registry.yarnpkg.com/pbkdf2/-/pbkdf2-3.1.2.tgz#dd822aa0887580e52f1a039dc3eda108efae3075"
  integrity sha512-iuh7L6jA7JEGu2WxDwtQP1ddOpaJNC4KlDEFfdQajSGgGPNi4OyDc2R7QnbY2bR9QjBVGwgvTdNJZoE7RaxUMA==
  dependencies:
    create-hash "^1.1.2"
    create-hmac "^1.1.4"
    ripemd160 "^2.0.1"
    safe-buffer "^5.0.1"
    sha.js "^2.4.8"

public-encrypt@^4.0.0:
  version "4.0.3"
  resolved "https://registry.yarnpkg.com/public-encrypt/-/public-encrypt-4.0.3.tgz#4fcc9d77a07e48ba7527e7cbe0de33d0701331e0"
  integrity sha512-zVpa8oKZSz5bTMTFClc1fQOnyyEzpl5ozpi1B5YcvBrdohMjH2rfsBtyXcuNuwjsDIXmBYlF2N5FlJYhR29t8Q==
  dependencies:
    bn.js "^4.1.0"
    browserify-rsa "^4.0.0"
    create-hash "^1.1.0"
    parse-asn1 "^5.0.0"
    randombytes "^2.0.1"
    safe-buffer "^5.1.2"

pump@^3.0.0:
  version "3.0.0"
  resolved "https://registry.yarnpkg.com/pump/-/pump-3.0.0.tgz#b4a2116815bde2f4e1ea602354e8c75565107a64"
  integrity sha512-LwZy+p3SFs1Pytd/jYct4wpv49HiYCqd9Rlc5ZVdk0V+8Yzv6jR5Blk3TRmPL1ft69TxP0IMZGJ+WPFU2BFhww==
  dependencies:
    end-of-stream "^1.1.0"
    once "^1.3.1"

pumpify@^2.0.1:
  version "2.0.1"
  resolved "https://registry.yarnpkg.com/pumpify/-/pumpify-2.0.1.tgz#abfc7b5a621307c728b551decbbefb51f0e4aa1e"
  integrity sha512-m7KOje7jZxrmutanlkS1daj1dS6z6BgslzOXmcSEpIlCxM3VJH7lG5QLeck/6hgF6F4crFf01UtQmNsJfweTAw==
  dependencies:
    duplexify "^4.1.1"
    inherits "^2.0.3"
    pump "^3.0.0"

randombytes@^2.0.0, randombytes@^2.0.1, randombytes@^2.0.5:
  version "2.1.0"
  resolved "https://registry.yarnpkg.com/randombytes/-/randombytes-2.1.0.tgz#df6f84372f0270dc65cdf6291349ab7a473d4f2a"
  integrity sha512-vYl3iOX+4CKUWuxGi9Ukhie6fsqXqS9FE2Zaic4tNFD2N2QQaXOMFbuKK4QmDHC0JO6B1Zp41J0LpT0oR68amQ==
  dependencies:
    safe-buffer "^5.1.0"

randomfill@^1.0.3:
  version "1.0.4"
  resolved "https://registry.yarnpkg.com/randomfill/-/randomfill-1.0.4.tgz#c92196fc86ab42be983f1bf31778224931d61458"
  integrity sha512-87lcbR8+MhcWcUiQ+9e+Rwx8MyR2P7qnt15ynUlbm3TU/fjbgz4GsvfSUDTemtCCtVCqb4ZcEFlyPNTh9bBTLw==
  dependencies:
    randombytes "^2.0.5"
    safe-buffer "^5.1.0"

readable-stream@3, readable-stream@^3.0.0, readable-stream@^3.1.1, readable-stream@^3.6.0, readable-stream@^3.6.2:
  version "3.6.2"
  resolved "https://registry.yarnpkg.com/readable-stream/-/readable-stream-3.6.2.tgz#56a9b36ea965c00c5a93ef31eb111a0f11056967"
  integrity sha512-9u/sniCrY3D5WdsERHzHE4G2YCXqoG5FTHUiCC4SIbr6XcLZBY05ya9EKjYek9O5xOAwjGq+1JdGBAS7Q9ScoA==
  dependencies:
    inherits "^2.0.3"
    string_decoder "^1.1.1"
    util-deprecate "^1.0.1"

regenerator-runtime@^0.14.0:
  version "0.14.1"
  resolved "https://registry.yarnpkg.com/regenerator-runtime/-/regenerator-runtime-0.14.1.tgz#356ade10263f685dda125100cd862c1db895327f"
  integrity sha512-dYnhHh0nJoMfnkZs6GmmhFknAGRrLznOu5nc9ML+EJxGvrx6H7teuevqVqCuPcPK//3eDrrjQhehXVx9cnkGdw==

ripemd160@^2.0.0, ripemd160@^2.0.1:
  version "2.0.2"
  resolved "https://registry.yarnpkg.com/ripemd160/-/ripemd160-2.0.2.tgz#a1c1a6f624751577ba5d07914cbc92850585890c"
  integrity sha512-ii4iagi25WusVoiC4B4lq7pbXfAp3D9v5CwfkY33vffw2+pkDjY1D8GaN7spsxvCSx8dkPqOZCEZyfxcmJG2IA==
  dependencies:
    hash-base "^3.0.0"
    inherits "^2.0.1"

safe-buffer@^5.0.1, safe-buffer@^5.1.0, safe-buffer@^5.1.1, safe-buffer@^5.1.2, safe-buffer@^5.2.0, safe-buffer@^5.2.1, safe-buffer@~5.2.0:
  version "5.2.1"
  resolved "https://registry.yarnpkg.com/safe-buffer/-/safe-buffer-5.2.1.tgz#1eaf9fa9bdb1fdd4ec75f58f9cdb4e6b7827eec6"
  integrity sha512-rp3So07KcdmmKbGvgaNxQSJr7bGVSVk5S9Eq1F+ppbRo70+YeaDxkw5Dd8NPN+GD6bjnYm2VuPuCXmpuYvmCXQ==

safer-buffer@^2.1.0:
  version "2.1.2"
  resolved "https://registry.yarnpkg.com/safer-buffer/-/safer-buffer-2.1.2.tgz#44fa161b0187b9549dd84bb91802f9bd8385cd6a"
  integrity sha512-YZo3K82SD7Riyi0E1EQPojLz7kpepnSQI9IyPbHHg1XXXevb5dJI7tpyN2ADxGcQbHG7vcyRHk0cbwqcQriUtg==

secp256k1@^3.8.0:
  version "3.8.0"
  resolved "https://registry.yarnpkg.com/secp256k1/-/secp256k1-3.8.0.tgz#28f59f4b01dbee9575f56a47034b7d2e3b3b352d"
  integrity sha512-k5ke5avRZbtl9Tqx/SA7CbY3NF6Ro+Sj9cZxezFzuBlLDmyqPiL8hJJ+EmzD8Ig4LUDByHJ3/iPOVoRixs/hmw==
  dependencies:
    bindings "^1.5.0"
    bip66 "^1.1.5"
    bn.js "^4.11.8"
    create-hash "^1.2.0"
    drbg.js "^1.0.1"
    elliptic "^6.5.2"
    nan "^2.14.0"
    safe-buffer "^5.1.2"

secure-random@^1.1.2:
  version "1.1.2"
  resolved "https://registry.yarnpkg.com/secure-random/-/secure-random-1.1.2.tgz#ed103b460a851632d420d46448b2a900a41e7f7c"
  integrity sha512-H2bdSKERKdBV1SwoqYm6C0y+9EA94v6SUBOWO8kDndc4NoUih7Dv6Tsgma7zO1lv27wIvjlD0ZpMQk7um5dheQ==

seed-random@^2.2.0:
  version "2.2.0"
  resolved "https://registry.yarnpkg.com/seed-random/-/seed-random-2.2.0.tgz#2a9b19e250a817099231a5b99a4daf80b7fbed54"
  integrity sha512-34EQV6AAHQGhoc0tn/96a9Fsi6v2xdqe/dMUwljGRaFOzR3EgRmECvD0O8vi8X+/uQ50LGHfkNu/Eue5TPKZkQ==

sha.js@^2.4.0, sha.js@^2.4.8:
  version "2.4.11"
  resolved "https://registry.yarnpkg.com/sha.js/-/sha.js-2.4.11.tgz#37a5cf0b81ecbc6943de109ba2960d1b26584ae7"
  integrity sha512-QMEp5B7cftE7APOjk5Y6xgrbWu+WkLVQwk8JNjZ8nKRciZaByEW6MubieAiToS7+dwvrjGhH8jRXz3MVd0AYqQ==
  dependencies:
    inherits "^2.0.1"
    safe-buffer "^5.0.1"

sha256@^0.2.0:
  version "0.2.0"
  resolved "https://registry.yarnpkg.com/sha256/-/sha256-0.2.0.tgz#73a0b418daab7035bff86e8491e363412fc2ab05"
  integrity sha512-kTWMJUaez5iiT9CcMv8jSq6kMhw3ST0uRdcIWl3D77s6AsLXNXRp3heeqqfu5+Dyfu4hwpQnMzhqHh8iNQxw0w==
  dependencies:
    convert-hex "~0.1.0"
    convert-string "~0.1.0"

"sm-crypto@git+http://github.com/bianjieai/sm-crypto-js.git#main":
  version "0.2.1"
  resolved "git+http://github.com/bianjieai/sm-crypto-js.git#def39a846c0b87fc27f6e63ee90d2149c2590a57"
  dependencies:
    bn.js "^4.11.6"
    jsbn "^1.1.0"

split2@^3.0.0:
  version "3.2.2"
  resolved "https://registry.yarnpkg.com/split2/-/split2-3.2.2.tgz#bf2cf2a37d838312c249c89206fd7a17dd12365f"
  integrity sha512-9NThjpgZnifTkJpzTZ7Eue85S49QwpNhZTq6GRJwObb6jnLFNGB7Qm73V5HewTROPyxD0C29xqmaI68bQtV+hg==
  dependencies:
    readable-stream "^3.0.0"

stream-shift@^1.0.0:
  version "1.0.1"
  resolved "https://registry.yarnpkg.com/stream-shift/-/stream-shift-1.0.1.tgz#d7088281559ab2778424279b0877da3c392d5a3d"
  integrity sha512-AiisoFqQ0vbGcZgQPY1cdP2I76glaVA/RauYR4G4thNFgkTqr90yXTo4LYX60Jl+sIlPNHHdGSwo01AvbKUSVQ==

string_decoder@^1.1.1:
  version "1.3.0"
  resolved "https://registry.yarnpkg.com/string_decoder/-/string_decoder-1.3.0.tgz#42f114594a46cf1a8e30b0a84f56c78c3edac21e"
  integrity sha512-hkRX8U1WjJFd8LsDJ2yQ/wWWxaopEsABU1XfkM8A+j0+85JAGppt16cr1Whg6KIbb4okU6Mql6BOj+uup/wKeA==
  dependencies:
    safe-buffer "~5.2.0"

through2@^4.0.0:
  version "4.0.2"
  resolved "https://registry.yarnpkg.com/through2/-/through2-4.0.2.tgz#a7ce3ac2a7a8b0b966c80e7c49f0484c3b239764"
  integrity sha512-iOqSav00cVxEEICeD7TjLB1sueEL+81Wpzp2bY17uZjZN0pWZPuo4suZ/61VujxmqSGFfgOcNuTZ85QJwNZQpw==
  dependencies:
    readable-stream "3"

tiny-emitter@^2.1.0:
  version "2.1.0"
  resolved "https://registry.yarnpkg.com/tiny-emitter/-/tiny-emitter-2.1.0.tgz#1d1a56edfc51c43e863cbb5382a72330e3555423"
  integrity sha512-NB6Dk1A9xgQPMoGqC5CVXn123gWyte215ONT5Pp5a0yt4nlEoO1ZWeCwpncaekPHXO60i47ihFnZPiRPjRMq4Q==

tiny-secp256k1@^1.1.3:
  version "1.1.6"
  resolved "https://registry.yarnpkg.com/tiny-secp256k1/-/tiny-secp256k1-1.1.6.tgz#7e224d2bee8ab8283f284e40e6b4acb74ffe047c"
  integrity sha512-FmqJZGduTyvsr2cF3375fqGHUovSwDi/QytexX1Se4BPuPZpTE5Ftp5fg+EFSuEf3lhZqgCRjEG3ydUQ/aNiwA==
  dependencies:
    bindings "^1.3.0"
    bn.js "^4.11.8"
    create-hmac "^1.1.7"
    elliptic "^6.4.0"
    nan "^2.13.2"

tweetnacl@^1.0.3:
  version "1.0.3"
  resolved "https://registry.yarnpkg.com/tweetnacl/-/tweetnacl-1.0.3.tgz#ac0af71680458d8a6378d0d0d050ab1407d35596"
  integrity sha512-6rt+RN7aOi1nGMyC4Xa5DdYiukl2UWCbcJft7YhxReBGQD7OAM8Pbxw6YMo4r2diNEA8FEmu32YOn9rhaiE5yw==

typed-function@^2.0.0:
  version "2.1.0"
  resolved "https://registry.yarnpkg.com/typed-function/-/typed-function-2.1.0.tgz#ded6f8a442ba8749ff3fe75bc41419c8d46ccc3f"
  integrity sha512-bctQIOqx2iVbWGDGPWwIm18QScpu2XRmkC19D8rQGFsjKSgteq/o1hTZvIG/wuDq8fanpBDrLkLq+aEN/6y5XQ==

typeforce@^1.11.5:
  version "1.18.0"
  resolved "https://registry.yarnpkg.com/typeforce/-/typeforce-1.18.0.tgz#d7416a2c5845e085034d70fcc5b6cc4a90edbfdc"
  integrity sha512-7uc1O8h1M1g0rArakJdf0uLRSSgFcYexrVoKo+bzJd32gd4gDy2L/Z+8/FjPnU9ydY3pEnVPtr9FyscYY60K1g==

undici-types@~5.26.4:
  version "5.26.5"
  resolved "https://registry.yarnpkg.com/undici-types/-/undici-types-5.26.5.tgz#bcd539893d00b56e964fd2657a4866b221a65617"
  integrity sha512-JlCMO+ehdEIKqlFxk6IfVoAUVmgz7cU7zD/h9XZ0qzeosSHmUJVOzSQvvYSYWXkFXC+IfLKSIffhv0sVZup6pA==

util-deprecate@^1.0.1:
  version "1.0.2"
  resolved "https://registry.yarnpkg.com/util-deprecate/-/util-deprecate-1.0.2.tgz#450d4dc9fa70de732762fbd2d4a28981419a0ccf"
  integrity sha512-EPD5q1uXyFxJpCrLnCc1nHnq3gOa6DZBocAIiI2TaSCA7VCJ1UJDMagCzIkXNsUYfD1daK//LTEQ8xiIbrHtcw==

uuid@^8.3.2:
  version "8.3.2"
  resolved "https://registry.yarnpkg.com/uuid/-/uuid-8.3.2.tgz#80d5b5ced271bb9af6c445f21a1a04c606cefbe2"
  integrity sha512-+NYs2QeMWy+GWFOEm9xnn6HCDp0l7QBD7ml8zLUmJ+93Q5NF0NocErnwkTkXVFNiX3/fpC6afS8Dhb/gz7R7eg==

wif@^2.0.6:
  version "2.0.6"
  resolved "https://registry.yarnpkg.com/wif/-/wif-2.0.6.tgz#08d3f52056c66679299726fade0d432ae74b4704"
  integrity sha512-HIanZn1zmduSF+BQhkE+YXIbEiH0xPr1012QbFEGB0xsKqJii0/SqJjyn8dFv6y36kOznMgMB+LGcbZTJ1xACQ==
  dependencies:
    bs58check "<3.0.0"

wrappy@1:
  version "1.0.2"
  resolved "https://registry.yarnpkg.com/wrappy/-/wrappy-1.0.2.tgz#b5243d8f3ec1aa35f1364605bc0d1036e30ab69f"
  integrity sha512-l4Sp/DRseor9wL6EvV2+TuQn63dMkPjZ/sp9XkghTEbV9KlPS1xUsZ3u7/IQO4wxtcFB4bgpQPRcR3QCvezPcQ==
